
Microsoft Visual Studio Solution File, Format Version 12.00
# Visual Studio 15
VisualStudioVersion = 15.0.28306.52
MinimumVisualStudioVersion = 10.0.40219.1
Project("{8BC9CEB8-8B4A-11D0-8D11-00A0C91BC942}") = "ProcessAuditing", "ProcessAuditing.vcxproj", "{8B75628D-9C28-4F38-95A8-3D2CF871D757}"
EndProject
Project("{8BC9CEB8-8B4A-11D0-8D11-00A0C91BC942}") = "ProcessingAuditingUtest", "ProcessingAuditingUtest\ProcessingAuditingUtest.vcxproj", "{2CAE7B32-1EED-4723-B414-7C383AA748B6}"
EndProject
Global
	GlobalSection(SolutionConfigurationPlatforms) = preSolution
		Debug|x64 = Debug|x64
		Debug|x86 = Debug|x86
		Release|x64 = Release|x64
		Release|x86 = Release|x86
	EndGlobalSection
	GlobalSection(ProjectConfigurationPlatforms) = postSolution
		{8B75628D-9C28-4F38-95A8-3D2CF871D757}.Debug|x64.ActiveCfg = Debug|x64
		{8B75628D-9C28-4F38-95A8-3D2CF871D757}.Debug|x64.Build.0 = Debug|x64
		{8B75628D-9C28-4F38-95A8-3D2CF871D757}.Debug|x86.ActiveCfg = Debug|Win32
		{8B75628D-9C28-4F38-95A8-3D2CF871D757}.Debug|x86.Build.0 = Debug|Win32
		{8B75628D-9C28-4F38-95A8-3D2CF871D757}.Release|x64.ActiveCfg = Release|x64
		{8B75628D-9C28-4F38-95A8-3D2CF871D757}.Release|x64.Build.0 = Release|x64
		{8B75628D-9C28-4F38-95A8-3D2CF871D757}.Release|x86.ActiveCfg = Release|Win32
		{8B75628D-9C28-4F38-95A8-3D2CF871D757}.Release|x86.Build.0 = Release|Win32
		{2CAE7B32-1EED-4723-B414-7C383AA748B6}.Debug|x64.ActiveCfg = Debug|x64
		{2CAE7B32-1EED-4723-B414-7C383AA748B6}.Debug|x64.Build.0 = Debug|x64
		{2CAE7B32-1EED-4723-B414-7C383AA748B6}.Debug|x86.ActiveCfg = Debug|Win32
		{2CAE7B32-1EED-4723-B414-7C383AA748B6}.Debug|x86.Build.0 = Debug|Win32
		{2CAE7B32-1EED-4723-B414-7C383AA748B6}.Release|x64.ActiveCfg = Release|x64
		{2CAE7B32-1EED-4723-B414-7C383AA748B6}.Release|x64.Build.0 = Release|x64
		{2CAE7B32-1EED-4723-B414-7C383AA748B6}.Release|x86.ActiveCfg = Release|Win32
		{2CAE7B32-1EED-4723-B414-7C383AA748B6}.Release|x86.Build.0 = Release|Win32
	EndGlobalSection
	GlobalSection(SolutionProperties) = preSolution
		HideSolutionNode = FALSE
	EndGlobalSection
	GlobalSection(ExtensibilityGlobals) = postSolution
		SolutionGuid = {AE53E86C-42DB-4A85-A9C5-9A8C75B2F92E}
	EndGlobalSection
EndGlobal
